// !$*UTF8*$!
{
	archiveVersion = 1;
	classes = {
	};
	objectVersion = 46;
	objects = {

/* Begin PBXBuildFile section */
		CD0107DC1CD3CAC00043BAE5 /* AppDelegate.swift in Sources */ = {isa = PBXBuildFile; fileRef = CD0107DB1CD3CAC00043BAE5 /* AppDelegate.swift */; };
		CD0107DE1CD3CAC00043BAE5 /* Assets.xcassets in Resources */ = {isa = PBXBuildFile; fileRef = CD0107DD1CD3CAC00043BAE5 /* Assets.xcassets */; };
		CD0107E11CD3CAC00043BAE5 /* MainMenu.xib in Resources */ = {isa = PBXBuildFile; fileRef = CD0107DF1CD3CAC00043BAE5 /* MainMenu.xib */; };
		CD0107EA1CD3CE180043BAE5 /* MainWindowController.swift in Sources */ = {isa = PBXBuildFile; fileRef = CD0107E81CD3CE180043BAE5 /* MainWindowController.swift */; };
		CD0107EB1CD3CE180043BAE5 /* MainWindowController.xib in Resources */ = {isa = PBXBuildFile; fileRef = CD0107E91CD3CE180043BAE5 /* MainWindowController.xib */; };
		CD0107ED1CD3D30B0043BAE5 /* GeneratePassword.swift in Sources */ = {isa = PBXBuildFile; fileRef = CD0107EC1CD3D30B0043BAE5 /* GeneratePassword.swift */; };
/* End PBXBuildFile section */

/* Begin PBXFileReference section */
		CD0107D81CD3CAC00043BAE5 /* RandomPassword.app */ = {isa = PBXFileReference; explicitFileType = wrapper.application; includeInIndex = 0; path = RandomPassword.app; sourceTree = BUILT_PRODUCTS_DIR; };
		CD0107DB1CD3CAC00043BAE5 /* AppDelegate.swift */ = {isa = PBXFileReference; lastKnownFileType = sourcecode.swift; path = AppDelegate.swift; sourceTree = "<group>"; };
		CD0107DD1CD3CAC00043BAE5 /* Assets.xcassets */ = {isa = PBXFileReference; lastKnownFileType = folder.assetcatalog; path = Assets.xcassets; sourceTree = "<group>"; };
		CD0107E01CD3CAC00043BAE5 /* Base */ = {isa = PBXFileReference; lastKnownFileType = file.xib; name = Base; path = Base.lproj/MainMenu.xib; sourceTree = "<group>"; };
		CD0107E21CD3CAC00043BAE5 /* Info.plist */ = {isa = PBXFileReference; lastKnownFileType = text.plist.xml; path = Info.plist; sourceTree = "<group>"; };
		CD0107E81CD3CE180043BAE5 /* MainWindowController.swift */ = {isa = PBXFileReference; fileEncoding = 4; lastKnownFileType = sourcecode.swift; path = MainWindowController.swift; sourceTree = "<group>"; };
		CD0107E91CD3CE180043BAE5 /* MainWindowController.xib */ = {isa = PBXFileReference; fileEncoding = 4; lastKnownFileType = file.xib; path = MainWindowController.xib; sourceTree = "<group>"; };
		CD0107EC1CD3D30B0043BAE5 /* GeneratePassword.swift */ = {isa = PBXFileReference; fileEncoding = 4; lastKnownFileType = sourcecode.swift; path = GeneratePassword.swift; sourceTree = "<group>"; };
/* End PBXFileReference section */

/* Begin PBXFrameworksBuildPhase section */
		CD0107D51CD3CAC00043BAE5 /* Frameworks */ = {
			isa = PBXFrameworksBuildPhase;
			buildActionMask = 2147483647;
			files = (
			);
			runOnlyForDeploymentPostprocessing = 0;
		};
/* End PBXFrameworksBuildPhase section */

/* Begin PBXGroup section */
		CD0107CF1CD3CAC00043BAE5 = {
			isa = PBXGroup;
			children = (
				CD0107DA1CD3CAC00043BAE5 /* RandomPassword */,
				CD0107D91CD3CAC00043BAE5 /* Products */,
			);
			sourceTree = "<group>";
		};
		CD0107D91CD3CAC00043BAE5 /* Products */ = {
			isa = PBXGroup;
			children = (
				CD0107D81CD3CAC00043BAE5 /* RandomPassword.app */,
			);
			name = Products;
			sourceTree = "<group>";
		};
		CD0107DA1CD3CAC00043BAE5 /* RandomPassword */ = {
			isa = PBXGroup;
			children = (
				CD0107DB1CD3CAC00043BAE5 /* AppDelegate.swift */,
				CD0107DD1CD3CAC00043BAE5 /* Assets.xcassets */,
				CD0107DF1CD3CAC00043BAE5 /* MainMenu.xib */,
				CD0107E21CD3CAC00043BAE5 /* Info.plist */,
				CD0107E81CD3CE180043BAE5 /* MainWindowController.swift */,
				CD0107E91CD3CE180043BAE5 /* MainWindowController.xib */,
				CD0107EC1CD3D30B0043BAE5 /* GeneratePassword.swift */,
			);
			path = RandomPassword;
			sourceTree = "<group>";
		};
/* End PBXGroup section */

/* Begin PBXNativeTarget section */
		CD0107D71CD3CAC00043BAE5 /* RandomPassword */ = {
			isa = PBXNativeTarget;
			buildConfigurationList = CD0107E51CD3CAC00043BAE5 /* Build configuration list for PBXNativeTarget "RandomPassword" */;
			buildPhases = (
				CD0107D41CD3CAC00043BAE5 /* Sources */,
				CD0107D51CD3CAC00043BAE5 /* Frameworks */,
				CD0107D61CD3CAC00043BAE5 /* Resources */,
			);
			buildRules = (
			);
			dependencies = (
			);
			name = RandomPassword;
			productName = RandomPassword;
			productReference = CD0107D81CD3CAC00043BAE5 /* RandomPassword.app */;
			productType = "com.apple.product-type.application";
		};
/* End PBXNativeTarget section */

/* Begin PBXProject section */
		CD0107D01CD3CAC00043BAE5 /* Project object */ = {
			isa = PBXProject;
			attributes = {
				LastSwiftUpdateCheck = 0730;
				LastUpgradeCheck = 0730;
				ORGANIZATIONNAME = "Beta Kuang";
				TargetAttributes = {
					CD0107D71CD3CAC00043BAE5 = {
						CreatedOnToolsVersion = 7.3;
					};
				};
			};
			buildConfigurationList = CD0107D31CD3CAC00043BAE5 /* Build configuration list for PBXProject "RandomPassword" */;
			compatibilityVersion = "Xcode 3.2";
			developmentRegion = English;
			hasScannedForEncodings = 0;
			knownRegions = (
				en,
				Base,
			);
			mainGroup = CD0107CF1CD3CAC00043BAE5;
			productRefGroup = CD0107D91CD3CAC00043BAE5 /* Products */;
			projectDirPath = "";
			projectRoot = "";
			targets = (
				CD0107D71CD3CAC00043BAE5 /* RandomPassword */,
			);
		};
/* End PBXProject section */

/* Begin PBXResourcesBuildPhase section */
		CD0107D61CD3CAC00043BAE5 /* Resources */ = {
			isa = PBXResourcesBuildPhase;
			buildActionMask = 2147483647;
			files = (
				CD0107DE1CD3CAC00043BAE5 /* Assets.xcassets in Resources */,
				CD0107EB1CD3CE180043BAE5 /* MainWindowController.xib in Resources */,
				CD0107E11CD3CAC00043BAE5 /* MainMenu.xib in Resources */,
			);
			runOnlyForDeploymentPostprocessing = 0;
		};
/* End PBXResourcesBuildPhase section */

/* Begin PBXSourcesBuildPhase section */
		CD0107D41CD3CAC00043BAE5 /* Sources */ = {
			isa = PBXSourcesBuildPhase;
			buildActionMask = 2147483647;
			files = (
				CD0107EA1CD3CE180043BAE5 /* MainWindowController.swift in Sources */,
				CD0107ED1CD3D30B0043BAE5 /* GeneratePassword.swift in Sources */,
				CD0107DC1CD3CAC00043BAE5 /* AppDelegate.swift in Sources */,
			);
			runOnlyForDeploymentPostprocessing = 0;
		};
/* End PBXSourcesBuildPhase section */

/* Begin PBXVariantGroup section */
		CD0107DF1CD3CAC00043BAE5 /* MainMenu.xib */ = {
			isa = PBXVariantGroup;
			children = (
				CD0107E01CD3CAC00043BAE5 /* Base */,
			);
			name = MainMenu.xib;
			sourceTree = "<group>";
		};
/* End PBXVariantGroup section */

/* Begin XCBuildConfiguration section */
		CD0107E31CD3CAC00043BAE5 /* Debug */ = {
			isa = XCBuildConfiguration;
			buildSettings = {
				ALWAYS_SEARCH_USER_PATHS = NO;
				CLANG_ANALYZER_NONNULL = YES;
				CLANG_CXX_LANGUAGE_STANDARD = "gnu++0x";
				CLANG_CXX_LIBRARY = "libc++";
				CLANG_ENABLE_MODULES = YES;
				CLANG_ENABLE_OBJC_ARC = YES;
				CLANG_WARN_BOOL_CONVERSION = YES;
				CLANG_WARN_CONSTANT_CONVERSION = YES;
				CLANG_WARN_DIRECT_OBJC_ISA_USAGE = YES_ERROR;
				CLANG_WARN_EMPTY_BODY = YES;
				CLANG_WARN_ENUM_CONVERSION = YES;
				CLANG_WARN_INT_CONVERSION = YES;
				CLANG_WARN_OBJC_ROOT_CLASS = YES_ERROR;
				CLANG_WARN_UNREACHABLE_CODE = YES;
				CLANG_WARN__DUPLICATE_METHOD_MATCH = YES;
				CODE_SIGN_IDENTITY = "-";
				COPY_PHASE_STRIP = NO;
				DEBUG_INFORMATION_FORMAT = dwarf;
				ENABLE_STRICT_OBJC_MSGSEND = YES;
				ENABLE_TESTABILITY = YES;
				GCC_C_LANGUAGE_STANDARD = gnu99;
				GCC_DYNAMIC_NO_PIC = NO;
				GCC_NO_COMMON_BLOCKS = YES;
				GCC_OPTIMIZATION_LEVEL = 0;
				GCC_PREPROCESSOR_DEFINITIONS = (
					"DEBUG=1",
					"$(inherited)",
				);
				GCC_WARN_64_TO_32_BIT_CONVERSION = YES;
				GCC_WARN_ABOUT_RETURN_TYPE = YES_ERROR;
				GCC_WARN_UNDECLARED_SELECTOR = YES;
				GCC_WARN_UNINITIALIZED_AUTOS = YES_AGGRESSIVE;
				GCC_WARN_UNUSED_FUNCTION = YES;
				GCC_WARN_UNUSED_VARIABLE = YES;
				MACOSX_DEPLOYMENT_TARGET = 10.11;
				MTL_ENABLE_DEBUG_INFO = YES;
				ONLY_ACTIVE_ARCH = YES;
				SDKROOT = macosx;
				SWIFT_OPTIMIZATION_LEVEL = "-Onone";
			};
			name = Debug;
		};
		CD0107E41CD3CAC00043BAE5 /* Release */ = {
			isa = XCBuildConfiguration;
			buildSettings = {
				ALWAYS_SEARCH_USER_PATHS = NO;
				CLANG_ANALYZER_NONNULL = YES;
				CLANG_CXX_LANGUAGE_STANDARD = "gnu++0x";
				CLANG_CXX_LIBRARY = "libc++";
				CLANG_ENABLE_MODULES = YES;
				CLANG_ENABLE_OBJC_ARC = YES;
				CLANG_WARN_BOOL_CONVERSION = YES;
				CLANG_WARN_CONSTANT_CONVERSION = YES;
				CLANG_WARN_DIRECT_OBJC_ISA_USAGE = YES_ERROR;
				CLANG_WARN_EMPTY_BODY = YES;
				CLANG_WARN_ENUM_CONVERSION = YES;
				CLANG_WARN_INT_CONVERSION = YES;
				CLANG_WARN_OBJC_ROOT_CLASS = YES_ERROR;
				CLANG_WARN_UNREACHABLE_CODE = YES;
				CLANG_WARN__DUPLICATE_METHOD_MATCH = YES;
				CODE_SIGN_IDENTITY = "-";
				COPY_PHASE_STRIP = NO;
				DEBUG_INFORMATION_FORMAT = "dwarf-with-dsym";
				ENABLE_NS_ASSERTIONS = NO;
				ENABLE_STRICT_OBJC_MSGSEND = YES;
				GCC_C_LANGUAGE_STANDARD = gnu99;
				GCC_NO_COMMON_BLOCKS = YES;
				GCC_WARN_64_TO_32_BIT_CONVERSION = YES;
				GCC_WARN_ABOUT_RETURN_TYPE = YES_ERROR;
				GCC_WARN_UNDECLARED_SELECTOR = YES;
				GCC_WARN_UNINITIALIZED_AUTOS = YES_AGGRESSIVE;
				GCC_WARN_UNUSED_FUNCTION = YES;
				GCC_WARN_UNUSED_VARIABLE = YES;
				MACOSX_DEPLOYMENT_TARGET = 10.11;
				MTL_ENABLE_DEBUG_INFO = NO;
				SDKROOT = macosx;
			};
			name = Release;
		};
		CD0107E61CD3CAC00043BAE5 /* Debug */ = {
			isa = XCBuildConfiguration;
			buildSettings = {
				ASSETCATALOG_COMPILER_APPICON_NAME = AppIcon;
				COMBINE_HIDPI_IMAGES = YES;
				INFOPLIST_FILE = RandomPassword/Info.plist;
				LD_RUNPATH_SEARCH_PATHS = "$(inherited) @executable_path/../Frameworks";
				PRODUCT_BUNDLE_IDENTIFIER = net.kyouko.RandomPassword;
				PRODUCT_NAME = "$(TARGET_NAME)";
			};
			name = Debug;
		};
		CD0107E71CD3CAC00043BAE5 /* Release */ = {
			isa = XCBuildConfiguration;
			buildSettings = {
				ASSETCATALOG_COMPILER_APPICON_NAME = AppIcon;
				COMBINE_HIDPI_IMAGES = YES;
				INFOPLIST_FILE = RandomPassword/Info.plist;
				LD_RUNPATH_SEARCH_PATHS = "$(inherited) @executable_path/../Frameworks";
				PRODUCT_BUNDLE_IDENTIFIER = net.kyouko.RandomPassword;
				PRODUCT_NAME = "$(TARGET_NAME)";
			};
			name = Release;
		};
/* End XCBuildConfiguration section */

/* Begin XCConfigurationList section */
		CD0107D31CD3CAC00043BAE5 /* Build configuration list for PBXProject "RandomPassword" */ = {
			isa = XCConfigurationList;
			buildConfigurations = (
				CD0107E31CD3CAC00043BAE5 /* Debug */,
				CD0107E41CD3CAC00043BAE5 /* Release */,
			);
			defaultConfigurationIsVisible = 0;
			defaultConfigurationName = Release;
		};
		CD0107E51CD3CAC00043BAE5 /* Build configuration list for PBXNativeTarget "RandomPassword" */ = {
			isa = XCConfigurationList;
			buildConfigurations = (
				CD0107E61CD3CAC00043BAE5 /* Debug */,
				CD0107E71CD3CAC00043BAE5 /* Release */,
			);
			defaultConfigurationIsVisible = 0;
		};
/* End XCConfigurationList section */
	};
	rootObject = CD0107D01CD3CAC00043BAE5 /* Project object */;
}
